
Microsoft Visual Studio Solution File, Format Version 12.00
# Visual Studio Version 17
VisualStudioVersion = 17.7.34031.279
MinimumVisualStudioVersion = 10.0.40219.1
Project("{8BC9CEB8-8B4A-11D0-8D11-00A0C91BC942}") = "exam prep 1", "exam prep 1.vcxproj", "{176DD0C9-ACA3-4124-9653-0718F1D6EEA6}"
EndProject
Global
	GlobalSection(SolutionConfigurationPlatforms) = preSolution
		Debug|x64 = Debug|x64
		Debug|x86 = Debug|x86
		Release|x64 = Release|x64
		Release|x86 = Release|x86
	EndGlobalSection
	GlobalSection(ProjectConfigurationPlatforms) = postSolution
		{176DD0C9-ACA3-4124-9653-0718F1D6EEA6}.Debug|x64.ActiveCfg = Debug|x64
		{176DD0C9-ACA3-4124-9653-0718F1D6EEA6}.Debug|x64.Build.0 = Debug|x64
		{176DD0C9-ACA3-4124-9653-0718F1D6EEA6}.Debug|x86.ActiveCfg = Debug|Win32
		{176DD0C9-ACA3-4124-9653-0718F1D6EEA6}.Debug|x86.Build.0 = Debug|Win32
		{176DD0C9-ACA3-4124-9653-0718F1D6EEA6}.Release|x64.ActiveCfg = Release|x64
		{176DD0C9-ACA3-4124-9653-0718F1D6EEA6}.Release|x64.Build.0 = Release|x64
		{176DD0C9-ACA3-4124-9653-0718F1D6EEA6}.Release|x86.ActiveCfg = Release|Win32
		{176DD0C9-ACA3-4124-9653-0718F1D6EEA6}.Release|x86.Build.0 = Release|Win32
	EndGlobalSection
	GlobalSection(SolutionProperties) = preSolution
		HideSolutionNode = FALSE
	EndGlobalSection
	GlobalSection(ExtensibilityGlobals) = postSolution
		SolutionGuid = {DE4327DB-664E-4A79-A84F-AE0399CCDCBE}
	EndGlobalSection
EndGlobal
